
Microsoft Visual Studio Solution File, Format Version 12.00
# Visual Studio Version 17
VisualStudioVersion = 17.0.31903.59
MinimumVisualStudioVersion = 10.0.40219.1
Project("{2150E333-8FDC-42A3-9474-1A3956D46DE8}") = "Services", "Services", "{D053909F-B8F7-4840-B1A1-A9B07BAE392F}"
EndProject
Project("{2150E333-8FDC-42A3-9474-1A3956D46DE8}") = "Catalog", "Catalog", "{E5C0CE4A-B49D-44C0-82CB-D315ECA18A2B}"
EndProject
Project("{9A19103F-16F7-4668-BE54-9A1E7A4F7556}") = "Catalog.Api", "Services\Catalog\Catalog.Api\Catalog.Api.csproj", "{040C9825-35F0-405B-9F04-B9987FC01EA9}"
EndProject
Project("{E53339B2-1760-4266-BCC7-CA923CBCF16C}") = "docker-compose", "docker-compose.dcproj", "{81FAD6E7-FD96-4CB7-94C0-97C0D0328BBB}"
EndProject
Project("{2150E333-8FDC-42A3-9474-1A3956D46DE8}") = "Basket", "Basket", "{EF6799B0-3854-4C44-A746-0111BFD83FE9}"
EndProject
Project("{9A19103F-16F7-4668-BE54-9A1E7A4F7556}") = "Basket.Api", "Services\Basket\Basket.Api\Basket.Api.csproj", "{F0BA3E11-7421-4BA2-944F-E3C900BB6E4A}"
EndProject
Project("{2150E333-8FDC-42A3-9474-1A3956D46DE8}") = "Discount", "Discount", "{15B3D3F4-7599-4D4A-A381-95F142081FDF}"
EndProject
Project("{FAE04EC0-301F-11D3-BF4B-00C04F79EFBC}") = "Discount.Api", "Services\Discount\Discount.Api\Discount.Api.csproj", "{F768CD5F-8ACA-4CF9-9C39-F3751DEC3131}"
EndProject
Global
	GlobalSection(SolutionConfigurationPlatforms) = preSolution
		Debug|Any CPU = Debug|Any CPU
		Release|Any CPU = Release|Any CPU
	EndGlobalSection
	GlobalSection(ProjectConfigurationPlatforms) = postSolution
		{040C9825-35F0-405B-9F04-B9987FC01EA9}.Debug|Any CPU.ActiveCfg = Debug|Any CPU
		{040C9825-35F0-405B-9F04-B9987FC01EA9}.Debug|Any CPU.Build.0 = Debug|Any CPU
		{040C9825-35F0-405B-9F04-B9987FC01EA9}.Release|Any CPU.ActiveCfg = Release|Any CPU
		{040C9825-35F0-405B-9F04-B9987FC01EA9}.Release|Any CPU.Build.0 = Release|Any CPU
		{81FAD6E7-FD96-4CB7-94C0-97C0D0328BBB}.Debug|Any CPU.ActiveCfg = Debug|Any CPU
		{81FAD6E7-FD96-4CB7-94C0-97C0D0328BBB}.Debug|Any CPU.Build.0 = Debug|Any CPU
		{81FAD6E7-FD96-4CB7-94C0-97C0D0328BBB}.Release|Any CPU.ActiveCfg = Release|Any CPU
		{81FAD6E7-FD96-4CB7-94C0-97C0D0328BBB}.Release|Any CPU.Build.0 = Release|Any CPU
		{F0BA3E11-7421-4BA2-944F-E3C900BB6E4A}.Debug|Any CPU.ActiveCfg = Debug|Any CPU
		{F0BA3E11-7421-4BA2-944F-E3C900BB6E4A}.Debug|Any CPU.Build.0 = Debug|Any CPU
		{F0BA3E11-7421-4BA2-944F-E3C900BB6E4A}.Release|Any CPU.ActiveCfg = Release|Any CPU
		{F0BA3E11-7421-4BA2-944F-E3C900BB6E4A}.Release|Any CPU.Build.0 = Release|Any CPU
		{F768CD5F-8ACA-4CF9-9C39-F3751DEC3131}.Debug|Any CPU.ActiveCfg = Debug|Any CPU
		{F768CD5F-8ACA-4CF9-9C39-F3751DEC3131}.Debug|Any CPU.Build.0 = Debug|Any CPU
		{F768CD5F-8ACA-4CF9-9C39-F3751DEC3131}.Release|Any CPU.ActiveCfg = Release|Any CPU
		{F768CD5F-8ACA-4CF9-9C39-F3751DEC3131}.Release|Any CPU.Build.0 = Release|Any CPU
	EndGlobalSection
	GlobalSection(SolutionProperties) = preSolution
		HideSolutionNode = FALSE
	EndGlobalSection
	GlobalSection(NestedProjects) = preSolution
		{E5C0CE4A-B49D-44C0-82CB-D315ECA18A2B} = {D053909F-B8F7-4840-B1A1-A9B07BAE392F}
		{040C9825-35F0-405B-9F04-B9987FC01EA9} = {E5C0CE4A-B49D-44C0-82CB-D315ECA18A2B}
		{EF6799B0-3854-4C44-A746-0111BFD83FE9} = {D053909F-B8F7-4840-B1A1-A9B07BAE392F}
		{F0BA3E11-7421-4BA2-944F-E3C900BB6E4A} = {EF6799B0-3854-4C44-A746-0111BFD83FE9}
		{15B3D3F4-7599-4D4A-A381-95F142081FDF} = {D053909F-B8F7-4840-B1A1-A9B07BAE392F}
		{F768CD5F-8ACA-4CF9-9C39-F3751DEC3131} = {15B3D3F4-7599-4D4A-A381-95F142081FDF}
	EndGlobalSection
	GlobalSection(ExtensibilityGlobals) = postSolution
		SolutionGuid = {97A1E68B-49C4-4F53-9F6C-EC1740AD0E2D}
	EndGlobalSection
EndGlobal
