
Microsoft Visual Studio Solution File, Format Version 12.00
# Visual Studio Version 17
VisualStudioVersion = 17.0.31903.59
MinimumVisualStudioVersion = 10.0.40219.1
Project("{2150E333-8FDC-42A3-9474-1A3956D46DE8}") = "Services", "Services", "{D053909F-B8F7-4840-B1A1-A9B07BAE392F}"
EndProject
Project("{2150E333-8FDC-42A3-9474-1A3956D46DE8}") = "Catalog", "Catalog", "{E5C0CE4A-B49D-44C0-82CB-D315ECA18A2B}"
EndProject
Project("{9A19103F-16F7-4668-BE54-9A1E7A4F7556}") = "Catalog.Api", "Services\Catalog\Catalog.Api\Catalog.Api.csproj", "{040C9825-35F0-405B-9F04-B9987FC01EA9}"
EndProject
Project("{E53339B2-1760-4266-BCC7-CA923CBCF16C}") = "docker-compose", "docker-compose.dcproj", "{81FAD6E7-FD96-4CB7-94C0-97C0D0328BBB}"
EndProject
Project("{2150E333-8FDC-42A3-9474-1A3956D46DE8}") = "Basket", "Basket", "{EF6799B0-3854-4C44-A746-0111BFD83FE9}"
EndProject
Project("{9A19103F-16F7-4668-BE54-9A1E7A4F7556}") = "Basket.Api", "Services\Basket\Basket.Api\Basket.Api.csproj", "{F0BA3E11-7421-4BA2-944F-E3C900BB6E4A}"
EndProject
Project("{2150E333-8FDC-42A3-9474-1A3956D46DE8}") = "Discount", "Discount", "{15B3D3F4-7599-4D4A-A381-95F142081FDF}"
EndProject
Project("{9A19103F-16F7-4668-BE54-9A1E7A4F7556}") = "Discount.Api", "Services\Discount\Discount.Api\Discount.Api.csproj", "{F768CD5F-8ACA-4CF9-9C39-F3751DEC3131}"
EndProject
Project("{9A19103F-16F7-4668-BE54-9A1E7A4F7556}") = "Discount.Grpc", "Services\Discount\Discount.Grpc\Discount.Grpc.csproj", "{22CC6385-3B4A-4FB7-9D3B-251B53EDEFED}"
EndProject
Project("{9A19103F-16F7-4668-BE54-9A1E7A4F7556}") = "Discount.Shared", "Services\Discount\Discount.Shared\Discount.Shared.csproj", "{B4FDF443-FBB6-4BC4-B3EF-89F50D38DB23}"
EndProject
Project("{2150E333-8FDC-42A3-9474-1A3956D46DE8}") = "Ordering", "Ordering", "{A73351BB-2927-4B30-AF3C-831C563658A6}"
EndProject
Project("{9A19103F-16F7-4668-BE54-9A1E7A4F7556}") = "Ordering.Api", "Services\Ordering\Ordering.Api\Ordering.Api.csproj", "{ABD31365-A777-4FFD-8462-973675E7C664}"
EndProject
Project("{9A19103F-16F7-4668-BE54-9A1E7A4F7556}") = "Ordering.Application", "Services\Ordering\Ordering.Application\Ordering.Application.csproj", "{24D47587-6E6E-41C6-88C7-9516DC171569}"
EndProject
Project("{9A19103F-16F7-4668-BE54-9A1E7A4F7556}") = "Ordering.Domain", "Services\Ordering\Ordering.Domain\Ordering.Domain.csproj", "{EC372D63-E171-4FF4-A4B5-819979A0FC9C}"
EndProject
Project("{9A19103F-16F7-4668-BE54-9A1E7A4F7556}") = "Ordering.Infrastructure", "Services\Ordering\Ordering.Infrastructure\Ordering.Infrastructure.csproj", "{8016F216-B94E-4DFE-8FC8-65E7F2E931EE}"
EndProject
Project("{2150E333-8FDC-42A3-9474-1A3956D46DE8}") = "BuildingBlocks", "BuildingBlocks", "{9FC86E0F-576B-47CB-A4A8-FF61A5F3F427}"
EndProject
Project("{9A19103F-16F7-4668-BE54-9A1E7A4F7556}") = "EventBus.Messages", "BuildingBlocks\EventBus.Messages\EventBus.Messages.csproj", "{03831523-82F3-4DA6-8FC4-02D536FA22AD}"
EndProject
Project("{2150E333-8FDC-42A3-9474-1A3956D46DE8}") = "ApiGateways", "ApiGateways", "{E55A14D5-7B84-46F7-8C65-5C6998F50F58}"
EndProject
Project("{FAE04EC0-301F-11D3-BF4B-00C04F79EFBC}") = "OcelotApiGw", "ApiGateways\OcelotApiGw\OcelotApiGw.csproj", "{C3E7C35C-F1FA-4E22-A6AD-C46B761DD017}"
EndProject
Project("{FAE04EC0-301F-11D3-BF4B-00C04F79EFBC}") = "Shopping.Aggregator", "ApiGateways\Shopping.Aggregator\Shopping.Aggregator.csproj", "{118CBB9B-7E44-4BEC-92A8-D5F1255BB1D4}"
EndProject
Global
	GlobalSection(SolutionConfigurationPlatforms) = preSolution
		Debug|Any CPU = Debug|Any CPU
		Release|Any CPU = Release|Any CPU
	EndGlobalSection
	GlobalSection(ProjectConfigurationPlatforms) = postSolution
		{040C9825-35F0-405B-9F04-B9987FC01EA9}.Debug|Any CPU.ActiveCfg = Debug|Any CPU
		{040C9825-35F0-405B-9F04-B9987FC01EA9}.Debug|Any CPU.Build.0 = Debug|Any CPU
		{040C9825-35F0-405B-9F04-B9987FC01EA9}.Release|Any CPU.ActiveCfg = Release|Any CPU
		{040C9825-35F0-405B-9F04-B9987FC01EA9}.Release|Any CPU.Build.0 = Release|Any CPU
		{81FAD6E7-FD96-4CB7-94C0-97C0D0328BBB}.Debug|Any CPU.ActiveCfg = Debug|Any CPU
		{81FAD6E7-FD96-4CB7-94C0-97C0D0328BBB}.Debug|Any CPU.Build.0 = Debug|Any CPU
		{81FAD6E7-FD96-4CB7-94C0-97C0D0328BBB}.Release|Any CPU.ActiveCfg = Release|Any CPU
		{81FAD6E7-FD96-4CB7-94C0-97C0D0328BBB}.Release|Any CPU.Build.0 = Release|Any CPU
		{F0BA3E11-7421-4BA2-944F-E3C900BB6E4A}.Debug|Any CPU.ActiveCfg = Debug|Any CPU
		{F0BA3E11-7421-4BA2-944F-E3C900BB6E4A}.Debug|Any CPU.Build.0 = Debug|Any CPU
		{F0BA3E11-7421-4BA2-944F-E3C900BB6E4A}.Release|Any CPU.ActiveCfg = Release|Any CPU
		{F0BA3E11-7421-4BA2-944F-E3C900BB6E4A}.Release|Any CPU.Build.0 = Release|Any CPU
		{F768CD5F-8ACA-4CF9-9C39-F3751DEC3131}.Debug|Any CPU.ActiveCfg = Debug|Any CPU
		{F768CD5F-8ACA-4CF9-9C39-F3751DEC3131}.Debug|Any CPU.Build.0 = Debug|Any CPU
		{F768CD5F-8ACA-4CF9-9C39-F3751DEC3131}.Release|Any CPU.ActiveCfg = Release|Any CPU
		{F768CD5F-8ACA-4CF9-9C39-F3751DEC3131}.Release|Any CPU.Build.0 = Release|Any CPU
		{22CC6385-3B4A-4FB7-9D3B-251B53EDEFED}.Debug|Any CPU.ActiveCfg = Debug|Any CPU
		{22CC6385-3B4A-4FB7-9D3B-251B53EDEFED}.Debug|Any CPU.Build.0 = Debug|Any CPU
		{22CC6385-3B4A-4FB7-9D3B-251B53EDEFED}.Release|Any CPU.ActiveCfg = Release|Any CPU
		{22CC6385-3B4A-4FB7-9D3B-251B53EDEFED}.Release|Any CPU.Build.0 = Release|Any CPU
		{B4FDF443-FBB6-4BC4-B3EF-89F50D38DB23}.Debug|Any CPU.ActiveCfg = Debug|Any CPU
		{B4FDF443-FBB6-4BC4-B3EF-89F50D38DB23}.Debug|Any CPU.Build.0 = Debug|Any CPU
		{B4FDF443-FBB6-4BC4-B3EF-89F50D38DB23}.Release|Any CPU.ActiveCfg = Release|Any CPU
		{B4FDF443-FBB6-4BC4-B3EF-89F50D38DB23}.Release|Any CPU.Build.0 = Release|Any CPU
		{ABD31365-A777-4FFD-8462-973675E7C664}.Debug|Any CPU.ActiveCfg = Debug|Any CPU
		{ABD31365-A777-4FFD-8462-973675E7C664}.Debug|Any CPU.Build.0 = Debug|Any CPU
		{ABD31365-A777-4FFD-8462-973675E7C664}.Release|Any CPU.ActiveCfg = Release|Any CPU
		{ABD31365-A777-4FFD-8462-973675E7C664}.Release|Any CPU.Build.0 = Release|Any CPU
		{24D47587-6E6E-41C6-88C7-9516DC171569}.Debug|Any CPU.ActiveCfg = Debug|Any CPU
		{24D47587-6E6E-41C6-88C7-9516DC171569}.Debug|Any CPU.Build.0 = Debug|Any CPU
		{24D47587-6E6E-41C6-88C7-9516DC171569}.Release|Any CPU.ActiveCfg = Release|Any CPU
		{24D47587-6E6E-41C6-88C7-9516DC171569}.Release|Any CPU.Build.0 = Release|Any CPU
		{EC372D63-E171-4FF4-A4B5-819979A0FC9C}.Debug|Any CPU.ActiveCfg = Debug|Any CPU
		{EC372D63-E171-4FF4-A4B5-819979A0FC9C}.Debug|Any CPU.Build.0 = Debug|Any CPU
		{EC372D63-E171-4FF4-A4B5-819979A0FC9C}.Release|Any CPU.ActiveCfg = Release|Any CPU
		{EC372D63-E171-4FF4-A4B5-819979A0FC9C}.Release|Any CPU.Build.0 = Release|Any CPU
		{8016F216-B94E-4DFE-8FC8-65E7F2E931EE}.Debug|Any CPU.ActiveCfg = Debug|Any CPU
		{8016F216-B94E-4DFE-8FC8-65E7F2E931EE}.Debug|Any CPU.Build.0 = Debug|Any CPU
		{8016F216-B94E-4DFE-8FC8-65E7F2E931EE}.Release|Any CPU.ActiveCfg = Release|Any CPU
		{8016F216-B94E-4DFE-8FC8-65E7F2E931EE}.Release|Any CPU.Build.0 = Release|Any CPU
		{03831523-82F3-4DA6-8FC4-02D536FA22AD}.Debug|Any CPU.ActiveCfg = Debug|Any CPU
		{03831523-82F3-4DA6-8FC4-02D536FA22AD}.Debug|Any CPU.Build.0 = Debug|Any CPU
		{03831523-82F3-4DA6-8FC4-02D536FA22AD}.Release|Any CPU.ActiveCfg = Release|Any CPU
		{03831523-82F3-4DA6-8FC4-02D536FA22AD}.Release|Any CPU.Build.0 = Release|Any CPU
		{C3E7C35C-F1FA-4E22-A6AD-C46B761DD017}.Debug|Any CPU.ActiveCfg = Debug|Any CPU
		{C3E7C35C-F1FA-4E22-A6AD-C46B761DD017}.Debug|Any CPU.Build.0 = Debug|Any CPU
		{C3E7C35C-F1FA-4E22-A6AD-C46B761DD017}.Release|Any CPU.ActiveCfg = Release|Any CPU
		{C3E7C35C-F1FA-4E22-A6AD-C46B761DD017}.Release|Any CPU.Build.0 = Release|Any CPU
		{118CBB9B-7E44-4BEC-92A8-D5F1255BB1D4}.Debug|Any CPU.ActiveCfg = Debug|Any CPU
		{118CBB9B-7E44-4BEC-92A8-D5F1255BB1D4}.Debug|Any CPU.Build.0 = Debug|Any CPU
		{118CBB9B-7E44-4BEC-92A8-D5F1255BB1D4}.Release|Any CPU.ActiveCfg = Release|Any CPU
		{118CBB9B-7E44-4BEC-92A8-D5F1255BB1D4}.Release|Any CPU.Build.0 = Release|Any CPU
	EndGlobalSection
	GlobalSection(SolutionProperties) = preSolution
		HideSolutionNode = FALSE
	EndGlobalSection
	GlobalSection(NestedProjects) = preSolution
		{E5C0CE4A-B49D-44C0-82CB-D315ECA18A2B} = {D053909F-B8F7-4840-B1A1-A9B07BAE392F}
		{040C9825-35F0-405B-9F04-B9987FC01EA9} = {E5C0CE4A-B49D-44C0-82CB-D315ECA18A2B}
		{EF6799B0-3854-4C44-A746-0111BFD83FE9} = {D053909F-B8F7-4840-B1A1-A9B07BAE392F}
		{F0BA3E11-7421-4BA2-944F-E3C900BB6E4A} = {EF6799B0-3854-4C44-A746-0111BFD83FE9}
		{15B3D3F4-7599-4D4A-A381-95F142081FDF} = {D053909F-B8F7-4840-B1A1-A9B07BAE392F}
		{F768CD5F-8ACA-4CF9-9C39-F3751DEC3131} = {15B3D3F4-7599-4D4A-A381-95F142081FDF}
		{22CC6385-3B4A-4FB7-9D3B-251B53EDEFED} = {15B3D3F4-7599-4D4A-A381-95F142081FDF}
		{B4FDF443-FBB6-4BC4-B3EF-89F50D38DB23} = {15B3D3F4-7599-4D4A-A381-95F142081FDF}
		{A73351BB-2927-4B30-AF3C-831C563658A6} = {D053909F-B8F7-4840-B1A1-A9B07BAE392F}
		{ABD31365-A777-4FFD-8462-973675E7C664} = {A73351BB-2927-4B30-AF3C-831C563658A6}
		{24D47587-6E6E-41C6-88C7-9516DC171569} = {A73351BB-2927-4B30-AF3C-831C563658A6}
		{EC372D63-E171-4FF4-A4B5-819979A0FC9C} = {A73351BB-2927-4B30-AF3C-831C563658A6}
		{8016F216-B94E-4DFE-8FC8-65E7F2E931EE} = {A73351BB-2927-4B30-AF3C-831C563658A6}
		{03831523-82F3-4DA6-8FC4-02D536FA22AD} = {9FC86E0F-576B-47CB-A4A8-FF61A5F3F427}
		{C3E7C35C-F1FA-4E22-A6AD-C46B761DD017} = {E55A14D5-7B84-46F7-8C65-5C6998F50F58}
		{118CBB9B-7E44-4BEC-92A8-D5F1255BB1D4} = {E55A14D5-7B84-46F7-8C65-5C6998F50F58}
	EndGlobalSection
	GlobalSection(ExtensibilityGlobals) = postSolution
		SolutionGuid = {97A1E68B-49C4-4F53-9F6C-EC1740AD0E2D}
	EndGlobalSection
EndGlobal
